// !$*UTF8*$!
{
	archiveVersion = 1;
	classes = {
	};
	objectVersion = 46;
	objects = {

/* Begin PBXBuildFile section */
		B7EDBADA1B4663C200297FE9 /* main.m in Sources */ = {isa = PBXBuildFile; fileRef = B7EDBAD91B4663C200297FE9 /* main.m */; };
		B7EDBADD1B4663C200297FE9 /* AppDelegate.m in Sources */ = {isa = PBXBuildFile; fileRef = B7EDBADC1B4663C200297FE9 /* AppDelegate.m */; };
		B7EDBAE01B4663C200297FE9 /* ViewController.m in Sources */ = {isa = PBXBuildFile; fileRef = B7EDBADF1B4663C200297FE9 /* ViewController.m */; };
		B7EDBAE31B4663C200297FE9 /* Main.storyboard in Resources */ = {isa = PBXBuildFile; fileRef = B7EDBAE11B4663C200297FE9 /* Main.storyboard */; };
		B7EDBAE51B4663C200297FE9 /* Images.xcassets in Resources */ = {isa = PBXBuildFile; fileRef = B7EDBAE41B4663C200297FE9 /* Images.xcassets */; };
		B7EDBAE81B4663C200297FE9 /* LaunchScreen.xib in Resources */ = {isa = PBXBuildFile; fileRef = B7EDBAE61B4663C200297FE9 /* LaunchScreen.xib */; };
		B7EDBAF41B4663C200297FE9 /* SnowTests.m in Sources */ = {isa = PBXBuildFile; fileRef = B7EDBAF31B4663C200297FE9 /* SnowTests.m */; };
/* End PBXBuildFile section */

/* Begin PBXContainerItemProxy section */
		B7EDBAEE1B4663C200297FE9 /* PBXContainerItemProxy */ = {
			isa = PBXContainerItemProxy;
			containerPortal = B7EDBACC1B4663C200297FE9 /* Project object */;
			proxyType = 1;
			remoteGlobalIDString = B7EDBAD31B4663C200297FE9;
			remoteInfo = Snow;
		};
/* End PBXContainerItemProxy section */

/* Begin PBXFileReference section */
		B7EDBAD41B4663C200297FE9 /* Snow.app */ = {isa = PBXFileReference; explicitFileType = wrapper.application; includeInIndex = 0; path = Snow.app; sourceTree = BUILT_PRODUCTS_DIR; };
		B7EDBAD81B4663C200297FE9 /* Info.plist */ = {isa = PBXFileReference; lastKnownFileType = text.plist.xml; path = Info.plist; sourceTree = "<group>"; };
		B7EDBAD91B4663C200297FE9 /* main.m */ = {isa = PBXFileReference; lastKnownFileType = sourcecode.c.objc; path = main.m; sourceTree = "<group>"; };
		B7EDBADB1B4663C200297FE9 /* AppDelegate.h */ = {isa = PBXFileReference; lastKnownFileType = sourcecode.c.h; path = AppDelegate.h; sourceTree = "<group>"; };
		B7EDBADC1B4663C200297FE9 /* AppDelegate.m */ = {isa = PBXFileReference; lastKnownFileType = sourcecode.c.objc; path = AppDelegate.m; sourceTree = "<group>"; };
		B7EDBADE1B4663C200297FE9 /* ViewController.h */ = {isa = PBXFileReference; lastKnownFileType = sourcecode.c.h; path = ViewController.h; sourceTree = "<group>"; };
		B7EDBADF1B4663C200297FE9 /* ViewController.m */ = {isa = PBXFileReference; lastKnownFileType = sourcecode.c.objc; path = ViewController.m; sourceTree = "<group>"; };
		B7EDBAE21B4663C200297FE9 /* Base */ = {isa = PBXFileReference; lastKnownFileType = file.storyboard; name = Base; path = Base.lproj/Main.storyboard; sourceTree = "<group>"; };
		B7EDBAE41B4663C200297FE9 /* Images.xcassets */ = {isa = PBXFileReference; lastKnownFileType = folder.assetcatalog; path = Images.xcassets; sourceTree = "<group>"; };
		B7EDBAE71B4663C200297FE9 /* Base */ = {isa = PBXFileReference; lastKnownFileType = file.xib; name = Base; path = Base.lproj/LaunchScreen.xib; sourceTree = "<group>"; };
		B7EDBAED1B4663C200297FE9 /* SnowTests.xctest */ = {isa = PBXFileReference; explicitFileType = wrapper.cfbundle; includeInIndex = 0; path = SnowTests.xctest; sourceTree = BUILT_PRODUCTS_DIR; };
		B7EDBAF21B4663C200297FE9 /* Info.plist */ = {isa = PBXFileReference; lastKnownFileType = text.plist.xml; path = Info.plist; sourceTree = "<group>"; };
		B7EDBAF31B4663C200297FE9 /* SnowTests.m */ = {isa = PBXFileReference; lastKnownFileType = sourcecode.c.objc; path = SnowTests.m; sourceTree = "<group>"; };
/* End PBXFileReference section */

/* Begin PBXFrameworksBuildPhase section */
		B7EDBAD11B4663C200297FE9 /* Frameworks */ = {
			isa = PBXFrameworksBuildPhase;
			buildActionMask = 2147483647;
			files = (
			);
			runOnlyForDeploymentPostprocessing = 0;
		};
		B7EDBAEA1B4663C200297FE9 /* Frameworks */ = {
			isa = PBXFrameworksBuildPhase;
			buildActionMask = 2147483647;
			files = (
			);
			runOnlyForDeploymentPostprocessing = 0;
		};
/* End PBXFrameworksBuildPhase section */

/* Begin PBXGroup section */
		B7EDBACB1B4663C200297FE9 = {
			isa = PBXGroup;
			children = (
				B7EDBAD61B4663C200297FE9 /* Snow */,
				B7EDBAF01B4663C200297FE9 /* SnowTests */,
				B7EDBAD51B4663C200297FE9 /* Products */,
			);
			sourceTree = "<group>";
		};
		B7EDBAD51B4663C200297FE9 /* Products */ = {
			isa = PBXGroup;
			children = (
				B7EDBAD41B4663C200297FE9 /* Snow.app */,
				B7EDBAED1B4663C200297FE9 /* SnowTests.xctest */,
			);
			name = Products;
			sourceTree = "<group>";
		};
		B7EDBAD61B4663C200297FE9 /* Snow */ = {
			isa = PBXGroup;
			children = (
				B7EDBADB1B4663C200297FE9 /* AppDelegate.h */,
				B7EDBADC1B4663C200297FE9 /* AppDelegate.m */,
				B7EDBADE1B4663C200297FE9 /* ViewController.h */,
				B7EDBADF1B4663C200297FE9 /* ViewController.m */,
				B7EDBAE11B4663C200297FE9 /* Main.storyboard */,
				B7EDBAE41B4663C200297FE9 /* Images.xcassets */,
				B7EDBAE61B4663C200297FE9 /* LaunchScreen.xib */,
				B7EDBAD71B4663C200297FE9 /* Supporting Files */,
			);
			path = Snow;
			sourceTree = "<group>";
		};
		B7EDBAD71B4663C200297FE9 /* Supporting Files */ = {
			isa = PBXGroup;
			children = (
				B7EDBAD81B4663C200297FE9 /* Info.plist */,
				B7EDBAD91B4663C200297FE9 /* main.m */,
			);
			name = "Supporting Files";
			sourceTree = "<group>";
		};
		B7EDBAF01B4663C200297FE9 /* SnowTests */ = {
			isa = PBXGroup;
			children = (
				B7EDBAF31B4663C200297FE9 /* SnowTests.m */,
				B7EDBAF11B4663C200297FE9 /* Supporting Files */,
			);
			path = SnowTests;
			sourceTree = "<group>";
		};
		B7EDBAF11B4663C200297FE9 /* Supporting Files */ = {
			isa = PBXGroup;
			children = (
				B7EDBAF21B4663C200297FE9 /* Info.plist */,
			);
			name = "Supporting Files";
			sourceTree = "<group>";
		};
/* End PBXGroup section */

/* Begin PBXNativeTarget section */
		B7EDBAD31B4663C200297FE9 /* Snow */ = {
			isa = PBXNativeTarget;
			buildConfigurationList = B7EDBAF71B4663C200297FE9 /* Build configuration list for PBXNativeTarget "Snow" */;
			buildPhases = (
				B7EDBAD01B4663C200297FE9 /* Sources */,
				B7EDBAD11B4663C200297FE9 /* Frameworks */,
				B7EDBAD21B4663C200297FE9 /* Resources */,
			);
			buildRules = (
			);
			dependencies = (
			);
			name = Snow;
			productName = Snow;
			productReference = B7EDBAD41B4663C200297FE9 /* Snow.app */;
			productType = "com.apple.product-type.application";
		};
		B7EDBAEC1B4663C200297FE9 /* SnowTests */ = {
			isa = PBXNativeTarget;
			buildConfigurationList = B7EDBAFA1B4663C200297FE9 /* Build configuration list for PBXNativeTarget "SnowTests" */;
			buildPhases = (
				B7EDBAE91B4663C200297FE9 /* Sources */,
				B7EDBAEA1B4663C200297FE9 /* Frameworks */,
				B7EDBAEB1B4663C200297FE9 /* Resources */,
			);
			buildRules = (
			);
			dependencies = (
				B7EDBAEF1B4663C200297FE9 /* PBXTargetDependency */,
			);
			name = SnowTests;
			productName = SnowTests;
			productReference = B7EDBAED1B4663C200297FE9 /* SnowTests.xctest */;
			productType = "com.apple.product-type.bundle.unit-test";
		};
/* End PBXNativeTarget section */

/* Begin PBXProject section */
		B7EDBACC1B4663C200297FE9 /* Project object */ = {
			isa = PBXProject;
			attributes = {
				LastUpgradeCheck = 0630;
				ORGANIZATIONNAME = sg;
				TargetAttributes = {
					B7EDBAD31B4663C200297FE9 = {
						CreatedOnToolsVersion = 6.3.2;
					};
					B7EDBAEC1B4663C200297FE9 = {
						CreatedOnToolsVersion = 6.3.2;
						TestTargetID = B7EDBAD31B4663C200297FE9;
					};
				};
			};
			buildConfigurationList = B7EDBACF1B4663C200297FE9 /* Build configuration list for PBXProject "Snow" */;
			compatibilityVersion = "Xcode 3.2";
			developmentRegion = English;
			hasScannedForEncodings = 0;
			knownRegions = (
				en,
				Base,
			);
			mainGroup = B7EDBACB1B4663C200297FE9;
			productRefGroup = B7EDBAD51B4663C200297FE9 /* Products */;
			projectDirPath = "";
			projectRoot = "";
			targets = (
				B7EDBAD31B4663C200297FE9 /* Snow */,
				B7EDBAEC1B4663C200297FE9 /* SnowTests */,
			);
		};
/* End PBXProject section */

/* Begin PBXResourcesBuildPhase section */
		B7EDBAD21B4663C200297FE9 /* Resources */ = {
			isa = PBXResourcesBuildPhase;
			buildActionMask = 2147483647;
			files = (
				B7EDBAE31B4663C200297FE9 /* Main.storyboard in Resources */,
				B7EDBAE81B4663C200297FE9 /* LaunchScreen.xib in Resources */,
				B7EDBAE51B4663C200297FE9 /* Images.xcassets in Resources */,
			);
			runOnlyForDeploymentPostprocessing = 0;
		};
		B7EDBAEB1B4663C200297FE9 /* Resources */ = {
			isa = PBXResourcesBuildPhase;
			buildActionMask = 2147483647;
			files = (
			);
			runOnlyForDeploymentPostprocessing = 0;
		};
/* End PBXResourcesBuildPhase section */

/* Begin PBXSourcesBuildPhase section */
		B7EDBAD01B4663C200297FE9 /* Sources */ = {
			isa = PBXSourcesBuildPhase;
			buildActionMask = 2147483647;
			files = (
				B7EDBAE01B4663C200297FE9 /* ViewController.m in Sources */,
				B7EDBADD1B4663C200297FE9 /* AppDelegate.m in Sources */,
				B7EDBADA1B4663C200297FE9 /* main.m in Sources */,
			);
			runOnlyForDeploymentPostprocessing = 0;
		};
		B7EDBAE91B4663C200297FE9 /* Sources */ = {
			isa = PBXSourcesBuildPhase;
			buildActionMask = 2147483647;
			files = (
				B7EDBAF41B4663C200297FE9 /* SnowTests.m in Sources */,
			);
			runOnlyForDeploymentPostprocessing = 0;
		};
/* End PBXSourcesBuildPhase section */

/* Begin PBXTargetDependency section */
		B7EDBAEF1B4663C200297FE9 /* PBXTargetDependency */ = {
			isa = PBXTargetDependency;
			target = B7EDBAD31B4663C200297FE9 /* Snow */;
			targetProxy = B7EDBAEE1B4663C200297FE9 /* PBXContainerItemProxy */;
		};
/* End PBXTargetDependency section */

/* Begin PBXVariantGroup section */
		B7EDBAE11B4663C200297FE9 /* Main.storyboard */ = {
			isa = PBXVariantGroup;
			children = (
				B7EDBAE21B4663C200297FE9 /* Base */,
			);
			name = Main.storyboard;
			sourceTree = "<group>";
		};
		B7EDBAE61B4663C200297FE9 /* LaunchScreen.xib */ = {
			isa = PBXVariantGroup;
			children = (
				B7EDBAE71B4663C200297FE9 /* Base */,
			);
			name = LaunchScreen.xib;
			sourceTree = "<group>";
		};
/* End PBXVariantGroup section */

/* Begin XCBuildConfiguration section */
		B7EDBAF51B4663C200297FE9 /* Debug */ = {
			isa = XCBuildConfiguration;
			buildSettings = {
				ALWAYS_SEARCH_USER_PATHS = NO;
				CLANG_CXX_LANGUAGE_STANDARD = "gnu++0x";
				CLANG_CXX_LIBRARY = "libc++";
				CLANG_ENABLE_MODULES = YES;
				CLANG_ENABLE_OBJC_ARC = YES;
				CLANG_WARN_BOOL_CONVERSION = YES;
				CLANG_WARN_CONSTANT_CONVERSION = YES;
				CLANG_WARN_DIRECT_OBJC_ISA_USAGE = YES_ERROR;
				CLANG_WARN_EMPTY_BODY = YES;
				CLANG_WARN_ENUM_CONVERSION = YES;
				CLANG_WARN_INT_CONVERSION = YES;
				CLANG_WARN_OBJC_ROOT_CLASS = YES_ERROR;
				CLANG_WARN_UNREACHABLE_CODE = YES;
				CLANG_WARN__DUPLICATE_METHOD_MATCH = YES;
				"CODE_SIGN_IDENTITY[sdk=iphoneos*]" = "iPhone Developer";
				COPY_PHASE_STRIP = NO;
				DEBUG_INFORMATION_FORMAT = "dwarf-with-dsym";
				ENABLE_STRICT_OBJC_MSGSEND = YES;
				GCC_C_LANGUAGE_STANDARD = gnu99;
				GCC_DYNAMIC_NO_PIC = NO;
				GCC_NO_COMMON_BLOCKS = YES;
				GCC_OPTIMIZATION_LEVEL = 0;
				GCC_PREPROCESSOR_DEFINITIONS = (
					"DEBUG=1",
					"$(inherited)",
				);
				GCC_SYMBOLS_PRIVATE_EXTERN = NO;
				GCC_WARN_64_TO_32_BIT_CONVERSION = YES;
				GCC_WARN_ABOUT_RETURN_TYPE = YES_ERROR;
				GCC_WARN_UNDECLARED_SELECTOR = YES;
				GCC_WARN_UNINITIALIZED_AUTOS = YES_AGGRESSIVE;
				GCC_WARN_UNUSED_FUNCTION = YES;
				GCC_WARN_UNUSED_VARIABLE = YES;
				IPHONEOS_DEPLOYMENT_TARGET = 8.3;
				MTL_ENABLE_DEBUG_INFO = YES;
				ONLY_ACTIVE_ARCH = YES;
				SDKROOT = iphoneos;
			};
			name = Debug;
		};
		B7EDBAF61B4663C200297FE9 /* Release */ = {
			isa = XCBuildConfiguration;
			buildSettings = {
				ALWAYS_SEARCH_USER_PATHS = NO;
				CLANG_CXX_LANGUAGE_STANDARD = "gnu++0x";
				CLANG_CXX_LIBRARY = "libc++";
				CLANG_ENABLE_MODULES = YES;
				CLANG_ENABLE_OBJC_ARC = YES;
				CLANG_WARN_BOOL_CONVERSION = YES;
				CLANG_WARN_CONSTANT_CONVERSION = YES;
				CLANG_WARN_DIRECT_OBJC_ISA_USAGE = YES_ERROR;
				CLANG_WARN_EMPTY_BODY = YES;
				CLANG_WARN_ENUM_CONVERSION = YES;
				CLANG_WARN_INT_CONVERSION = YES;
				CLANG_WARN_OBJC_ROOT_CLASS = YES_ERROR;
				CLANG_WARN_UNREACHABLE_CODE = YES;
				CLANG_WARN__DUPLICATE_METHOD_MATCH = YES;
				"CODE_SIGN_IDENTITY[sdk=iphoneos*]" = "iPhone Developer";
				COPY_PHASE_STRIP = NO;
				DEBUG_INFORMATION_FORMAT = "dwarf-with-dsym";
				ENABLE_NS_ASSERTIONS = NO;
				ENABLE_STRICT_OBJC_MSGSEND = YES;
				GCC_C_LANGUAGE_STANDARD = gnu99;
				GCC_NO_COMMON_BLOCKS = YES;
				GCC_WARN_64_TO_32_BIT_CONVERSION = YES;
				GCC_WARN_ABOUT_RETURN_TYPE = YES_ERROR;
				GCC_WARN_UNDECLARED_SELECTOR = YES;
				GCC_WARN_UNINITIALIZED_AUTOS = YES_AGGRESSIVE;
				GCC_WARN_UNUSED_FUNCTION = YES;
				GCC_WARN_UNUSED_VARIABLE = YES;
				IPHONEOS_DEPLOYMENT_TARGET = 8.3;
				MTL_ENABLE_DEBUG_INFO = NO;
				SDKROOT = iphoneos;
				VALIDATE_PRODUCT = YES;
			};
			name = Release;
		};
		B7EDBAF81B4663C200297FE9 /* Debug */ = {
			isa = XCBuildConfiguration;
			buildSettings = {
				ASSETCATALOG_COMPILER_APPICON_NAME = AppIcon;
				INFOPLIST_FILE = Snow/Info.plist;
				LD_RUNPATH_SEARCH_PATHS = "$(inherited) @executable_path/Frameworks";
				PRODUCT_NAME = "$(TARGET_NAME)";
			};
			name = Debug;
		};
		B7EDBAF91B4663C200297FE9 /* Release */ = {
			isa = XCBuildConfiguration;
			buildSettings = {
				ASSETCATALOG_COMPILER_APPICON_NAME = AppIcon;
				INFOPLIST_FILE = Snow/Info.plist;
				LD_RUNPATH_SEARCH_PATHS = "$(inherited) @executable_path/Frameworks";
				PRODUCT_NAME = "$(TARGET_NAME)";
			};
			name = Release;
		};
		B7EDBAFB1B4663C200297FE9 /* Debug */ = {
			isa = XCBuildConfiguration;
			buildSettings = {
				BUNDLE_LOADER = "$(TEST_HOST)";
				FRAMEWORK_SEARCH_PATHS = (
					"$(SDKROOT)/Developer/Library/Frameworks",
					"$(inherited)",
				);
				GCC_PREPROCESSOR_DEFINITIONS = (
					"DEBUG=1",
					"$(inherited)",
				);
				INFOPLIST_FILE = SnowTests/Info.plist;
				LD_RUNPATH_SEARCH_PATHS = "$(inherited) @executable_path/Frameworks @loader_path/Frameworks";
				PRODUCT_NAME = "$(TARGET_NAME)";
				TEST_HOST = "$(BUILT_PRODUCTS_DIR)/Snow.app/Snow";
			};
			name = Debug;
		};
		B7EDBAFC1B4663C200297FE9 /* Release */ = {
			isa = XCBuildConfiguration;
			buildSettings = {
				BUNDLE_LOADER = "$(TEST_HOST)";
				FRAMEWORK_SEARCH_PATHS = (
					"$(SDKROOT)/Developer/Library/Frameworks",
					"$(inherited)",
				);
				INFOPLIST_FILE = SnowTests/Info.plist;
				LD_RUNPATH_SEARCH_PATHS = "$(inherited) @executable_path/Frameworks @loader_path/Frameworks";
				PRODUCT_NAME = "$(TARGET_NAME)";
				TEST_HOST = "$(BUILT_PRODUCTS_DIR)/Snow.app/Snow";
			};
			name = Release;
		};
/* End XCBuildConfiguration section */

/* Begin XCConfigurationList section */
		B7EDBACF1B4663C200297FE9 /* Build configuration list for PBXProject "Snow" */ = {
			isa = XCConfigurationList;
			buildConfigurations = (
				B7EDBAF51B4663C200297FE9 /* Debug */,
				B7EDBAF61B4663C200297FE9 /* Release */,
			);
			defaultConfigurationIsVisible = 0;
			defaultConfigurationName = Release;
		};
		B7EDBAF71B4663C200297FE9 /* Build configuration list for PBXNativeTarget "Snow" */ = {
			isa = XCConfigurationList;
			buildConfigurations = (
				B7EDBAF81B4663C200297FE9 /* Debug */,
				B7EDBAF91B4663C200297FE9 /* Release */,
			);
			defaultConfigurationIsVisible = 0;
		};
		B7EDBAFA1B4663C200297FE9 /* Build configuration list for PBXNativeTarget "SnowTests" */ = {
			isa = XCConfigurationList;
			buildConfigurations = (
				B7EDBAFB1B4663C200297FE9 /* Debug */,
				B7EDBAFC1B4663C200297FE9 /* Release */,
			);
			defaultConfigurationIsVisible = 0;
		};
/* End XCConfigurationList section */
	};
	rootObject = B7EDBACC1B4663C200297FE9 /* Project object */;
}
